// !$*UTF8*$!
{
	archiveVersion = 1;
	classes = {
	};
	objectVersion = 46;
	objects = {

/* Begin PBXBuildFile section */
		7A8318431A97E966008CF960 /* Bolts.framework in Frameworks */ = {isa = PBXBuildFile; fileRef = 7A83183E1A97E966008CF960 /* Bolts.framework */; };
		7A8318441A97E966008CF960 /* Parse.framework in Frameworks */ = {isa = PBXBuildFile; fileRef = 7A83183F1A97E966008CF960 /* Parse.framework */; };
		7A8318451A97E966008CF960 /* ParseCrashReporting.framework in Frameworks */ = {isa = PBXBuildFile; fileRef = 7A8318401A97E966008CF960 /* ParseCrashReporting.framework */; };
		7A8318461A97E966008CF960 /* ParseFacebookUtils.framework in Frameworks */ = {isa = PBXBuildFile; fileRef = 7A8318411A97E966008CF960 /* ParseFacebookUtils.framework */; };
		7A8318471A97E966008CF960 /* ParseUI.framework in Frameworks */ = {isa = PBXBuildFile; fileRef = 7A8318421A97E966008CF960 /* ParseUI.framework */; };
		7A83184A1A97EB83008CF960 /* libstdc++.6.dylib in Frameworks */ = {isa = PBXBuildFile; fileRef = 7A8318491A97EB83008CF960 /* libstdc++.6.dylib */; };
		7A83184C1A97EB8D008CF960 /* MobileCoreServices.framework in Frameworks */ = {isa = PBXBuildFile; fileRef = 7A83184B1A97EB8D008CF960 /* MobileCoreServices.framework */; };
		7A83184E1A97EB98008CF960 /* SystemConfiguration.framework in Frameworks */ = {isa = PBXBuildFile; fileRef = 7A83184D1A97EB98008CF960 /* SystemConfiguration.framework */; };
		7A8318501A97EBA0008CF960 /* AudioToolbox.framework in Frameworks */ = {isa = PBXBuildFile; fileRef = 7A83184F1A97EBA0008CF960 /* AudioToolbox.framework */; };
		7A8318521A97EBA9008CF960 /* libsqlite3.dylib in Frameworks */ = {isa = PBXBuildFile; fileRef = 7A8318511A97EBA9008CF960 /* libsqlite3.dylib */; };
		7A86E0071A968BC5008A148A /* AppDelegate.swift in Sources */ = {isa = PBXBuildFile; fileRef = 7A86E0061A968BC5008A148A /* AppDelegate.swift */; };
		7A86E0091A968BC5008A148A /* GameScene.sks in Resources */ = {isa = PBXBuildFile; fileRef = 7A86E0081A968BC5008A148A /* GameScene.sks */; };
		7A86E00B1A968BC5008A148A /* GameScene.swift in Sources */ = {isa = PBXBuildFile; fileRef = 7A86E00A1A968BC5008A148A /* GameScene.swift */; };
		7A86E00D1A968BC5008A148A /* GameViewController.swift in Sources */ = {isa = PBXBuildFile; fileRef = 7A86E00C1A968BC5008A148A /* GameViewController.swift */; };
		7A86E0101A968BC5008A148A /* Main.storyboard in Resources */ = {isa = PBXBuildFile; fileRef = 7A86E00E1A968BC5008A148A /* Main.storyboard */; };
		7A86E0121A968BC5008A148A /* Images.xcassets in Resources */ = {isa = PBXBuildFile; fileRef = 7A86E0111A968BC5008A148A /* Images.xcassets */; };
		7A86E0151A968BC5008A148A /* LaunchScreen.xib in Resources */ = {isa = PBXBuildFile; fileRef = 7A86E0131A968BC5008A148A /* LaunchScreen.xib */; };
		7A86E0211A968BC5008A148A /* JumperTests.swift in Sources */ = {isa = PBXBuildFile; fileRef = 7A86E0201A968BC5008A148A /* JumperTests.swift */; };
		7A86E02B1A9690E4008A148A /* TestScene.sks in Resources */ = {isa = PBXBuildFile; fileRef = 7A86E02A1A9690E4008A148A /* TestScene.sks */; };
		7A86E02D1A96916A008A148A /* TestScene.swift in Sources */ = {isa = PBXBuildFile; fileRef = 7A86E02C1A96916A008A148A /* TestScene.swift */; };
		7A86E02F1A969628008A148A /* SignUpViewController.swift in Sources */ = {isa = PBXBuildFile; fileRef = 7A86E02E1A969628008A148A /* SignUpViewController.swift */; };
		7A86E0311A96969D008A148A /* MainMenuViewController.swift in Sources */ = {isa = PBXBuildFile; fileRef = 7A86E0301A96969D008A148A /* MainMenuViewController.swift */; };
		7A86E0341A969878008A148A /* SignInViewController.swift in Sources */ = {isa = PBXBuildFile; fileRef = 7A86E0331A969878008A148A /* SignInViewController.swift */; };
/* End PBXBuildFile section */

/* Begin PBXContainerItemProxy section */
		7A86E01B1A968BC5008A148A /* PBXContainerItemProxy */ = {
			isa = PBXContainerItemProxy;
			containerPortal = 7A86DFF91A968BC5008A148A /* Project object */;
			proxyType = 1;
			remoteGlobalIDString = 7A86E0001A968BC5008A148A;
			remoteInfo = Jumper;
		};
/* End PBXContainerItemProxy section */

/* Begin PBXFileReference section */
		7A83183E1A97E966008CF960 /* Bolts.framework */ = {isa = PBXFileReference; lastKnownFileType = wrapper.framework; path = Bolts.framework; sourceTree = "<group>"; };
		7A83183F1A97E966008CF960 /* Parse.framework */ = {isa = PBXFileReference; lastKnownFileType = wrapper.framework; path = Parse.framework; sourceTree = "<group>"; };
		7A8318401A97E966008CF960 /* ParseCrashReporting.framework */ = {isa = PBXFileReference; lastKnownFileType = wrapper.framework; path = ParseCrashReporting.framework; sourceTree = "<group>"; };
		7A8318411A97E966008CF960 /* ParseFacebookUtils.framework */ = {isa = PBXFileReference; lastKnownFileType = wrapper.framework; path = ParseFacebookUtils.framework; sourceTree = "<group>"; };
		7A8318421A97E966008CF960 /* ParseUI.framework */ = {isa = PBXFileReference; lastKnownFileType = wrapper.framework; path = ParseUI.framework; sourceTree = "<group>"; };
		7A8318491A97EB83008CF960 /* libstdc++.6.dylib */ = {isa = PBXFileReference; lastKnownFileType = "compiled.mach-o.dylib"; name = "libstdc++.6.dylib"; path = "usr/lib/libstdc++.6.dylib"; sourceTree = SDKROOT; };
		7A83184B1A97EB8D008CF960 /* MobileCoreServices.framework */ = {isa = PBXFileReference; lastKnownFileType = wrapper.framework; name = MobileCoreServices.framework; path = System/Library/Frameworks/MobileCoreServices.framework; sourceTree = SDKROOT; };
		7A83184D1A97EB98008CF960 /* SystemConfiguration.framework */ = {isa = PBXFileReference; lastKnownFileType = wrapper.framework; name = SystemConfiguration.framework; path = System/Library/Frameworks/SystemConfiguration.framework; sourceTree = SDKROOT; };
		7A83184F1A97EBA0008CF960 /* AudioToolbox.framework */ = {isa = PBXFileReference; lastKnownFileType = wrapper.framework; name = AudioToolbox.framework; path = System/Library/Frameworks/AudioToolbox.framework; sourceTree = SDKROOT; };
		7A8318511A97EBA9008CF960 /* libsqlite3.dylib */ = {isa = PBXFileReference; lastKnownFileType = "compiled.mach-o.dylib"; name = libsqlite3.dylib; path = usr/lib/libsqlite3.dylib; sourceTree = SDKROOT; };
		7A86E0011A968BC5008A148A /* Jumper.app */ = {isa = PBXFileReference; explicitFileType = wrapper.application; includeInIndex = 0; path = Jumper.app; sourceTree = BUILT_PRODUCTS_DIR; };
		7A86E0051A968BC5008A148A /* Info.plist */ = {isa = PBXFileReference; lastKnownFileType = text.plist.xml; path = Info.plist; sourceTree = "<group>"; };
		7A86E0061A968BC5008A148A /* AppDelegate.swift */ = {isa = PBXFileReference; lastKnownFileType = sourcecode.swift; path = AppDelegate.swift; sourceTree = "<group>"; };
		7A86E0081A968BC5008A148A /* GameScene.sks */ = {isa = PBXFileReference; lastKnownFileType = file.sks; path = GameScene.sks; sourceTree = "<group>"; };
		7A86E00A1A968BC5008A148A /* GameScene.swift */ = {isa = PBXFileReference; lastKnownFileType = sourcecode.swift; path = GameScene.swift; sourceTree = "<group>"; };
		7A86E00C1A968BC5008A148A /* GameViewController.swift */ = {isa = PBXFileReference; lastKnownFileType = sourcecode.swift; path = GameViewController.swift; sourceTree = "<group>"; };
		7A86E00F1A968BC5008A148A /* Base */ = {isa = PBXFileReference; lastKnownFileType = file.storyboard; name = Base; path = Base.lproj/Main.storyboard; sourceTree = "<group>"; };
		7A86E0111A968BC5008A148A /* Images.xcassets */ = {isa = PBXFileReference; lastKnownFileType = folder.assetcatalog; path = Images.xcassets; sourceTree = "<group>"; };
		7A86E0141A968BC5008A148A /* Base */ = {isa = PBXFileReference; lastKnownFileType = file.xib; name = Base; path = Base.lproj/LaunchScreen.xib; sourceTree = "<group>"; };
		7A86E01A1A968BC5008A148A /* JumperTests.xctest */ = {isa = PBXFileReference; explicitFileType = wrapper.cfbundle; includeInIndex = 0; path = JumperTests.xctest; sourceTree = BUILT_PRODUCTS_DIR; };
		7A86E01F1A968BC5008A148A /* Info.plist */ = {isa = PBXFileReference; lastKnownFileType = text.plist.xml; path = Info.plist; sourceTree = "<group>"; };
		7A86E0201A968BC5008A148A /* JumperTests.swift */ = {isa = PBXFileReference; lastKnownFileType = sourcecode.swift; path = JumperTests.swift; sourceTree = "<group>"; };
		7A86E02A1A9690E4008A148A /* TestScene.sks */ = {isa = PBXFileReference; lastKnownFileType = file.sks; path = TestScene.sks; sourceTree = "<group>"; };
		7A86E02C1A96916A008A148A /* TestScene.swift */ = {isa = PBXFileReference; fileEncoding = 4; lastKnownFileType = sourcecode.swift; path = TestScene.swift; sourceTree = "<group>"; };
		7A86E02E1A969628008A148A /* SignUpViewController.swift */ = {isa = PBXFileReference; fileEncoding = 4; lastKnownFileType = sourcecode.swift; path = SignUpViewController.swift; sourceTree = "<group>"; };
		7A86E0301A96969D008A148A /* MainMenuViewController.swift */ = {isa = PBXFileReference; fileEncoding = 4; lastKnownFileType = sourcecode.swift; path = MainMenuViewController.swift; sourceTree = "<group>"; };
		7A86E0331A969878008A148A /* SignInViewController.swift */ = {isa = PBXFileReference; fileEncoding = 4; lastKnownFileType = sourcecode.swift; path = SignInViewController.swift; sourceTree = "<group>"; };
/* End PBXFileReference section */

/* Begin PBXFrameworksBuildPhase section */
		7A86DFFE1A968BC5008A148A /* Frameworks */ = {
			isa = PBXFrameworksBuildPhase;
			buildActionMask = 2147483647;
			files = (
				7A8318521A97EBA9008CF960 /* libsqlite3.dylib in Frameworks */,
				7A8318501A97EBA0008CF960 /* AudioToolbox.framework in Frameworks */,
				7A83184E1A97EB98008CF960 /* SystemConfiguration.framework in Frameworks */,
				7A83184C1A97EB8D008CF960 /* MobileCoreServices.framework in Frameworks */,
				7A83184A1A97EB83008CF960 /* libstdc++.6.dylib in Frameworks */,
				7A8318431A97E966008CF960 /* Bolts.framework in Frameworks */,
				7A8318441A97E966008CF960 /* Parse.framework in Frameworks */,
				7A8318451A97E966008CF960 /* ParseCrashReporting.framework in Frameworks */,
				7A8318461A97E966008CF960 /* ParseFacebookUtils.framework in Frameworks */,
				7A8318471A97E966008CF960 /* ParseUI.framework in Frameworks */,
			);
			runOnlyForDeploymentPostprocessing = 0;
		};
		7A86E0171A968BC5008A148A /* Frameworks */ = {
			isa = PBXFrameworksBuildPhase;
			buildActionMask = 2147483647;
			files = (
			);
			runOnlyForDeploymentPostprocessing = 0;
		};
/* End PBXFrameworksBuildPhase section */

/* Begin PBXGroup section */
		7A8318481A97E99D008CF960 /* Frameworks */ = {
			isa = PBXGroup;
			children = (
				7A8318511A97EBA9008CF960 /* libsqlite3.dylib */,
				7A83184F1A97EBA0008CF960 /* AudioToolbox.framework */,
				7A83184D1A97EB98008CF960 /* SystemConfiguration.framework */,
				7A83184B1A97EB8D008CF960 /* MobileCoreServices.framework */,
				7A8318491A97EB83008CF960 /* libstdc++.6.dylib */,
				7A83183E1A97E966008CF960 /* Bolts.framework */,
				7A83183F1A97E966008CF960 /* Parse.framework */,
				7A8318401A97E966008CF960 /* ParseCrashReporting.framework */,
				7A8318411A97E966008CF960 /* ParseFacebookUtils.framework */,
				7A8318421A97E966008CF960 /* ParseUI.framework */,
			);
			name = Frameworks;
			path = ..;
			sourceTree = "<group>";
		};
		7A86DFF81A968BC5008A148A = {
			isa = PBXGroup;
			children = (
				7A86E0031A968BC5008A148A /* Jumper */,
				7A86E01D1A968BC5008A148A /* JumperTests */,
				7A86E0021A968BC5008A148A /* Products */,
			);
			sourceTree = "<group>";
		};
		7A86E0021A968BC5008A148A /* Products */ = {
			isa = PBXGroup;
			children = (
				7A86E0011A968BC5008A148A /* Jumper.app */,
				7A86E01A1A968BC5008A148A /* JumperTests.xctest */,
			);
			name = Products;
			sourceTree = "<group>";
		};
		7A86E0031A968BC5008A148A /* Jumper */ = {
			isa = PBXGroup;
			children = (
				7A86E00E1A968BC5008A148A /* Main.storyboard */,
				7A86E0061A968BC5008A148A /* AppDelegate.swift */,
				7A86E0301A96969D008A148A /* MainMenuViewController.swift */,
				7A86E0331A969878008A148A /* SignInViewController.swift */,
				7A86E02E1A969628008A148A /* SignUpViewController.swift */,
				7A86E00C1A968BC5008A148A /* GameViewController.swift */,
				7A86E0321A9696BD008A148A /* Scenes */,
				7A86E0111A968BC5008A148A /* Images.xcassets */,
				7A86E0131A968BC5008A148A /* LaunchScreen.xib */,
				7A8318481A97E99D008CF960 /* Frameworks */,
				7A86E0041A968BC5008A148A /* Supporting Files */,
			);
			path = Jumper;
			sourceTree = "<group>";
		};
		7A86E0041A968BC5008A148A /* Supporting Files */ = {
			isa = PBXGroup;
			children = (
				7A86E0051A968BC5008A148A /* Info.plist */,
			);
			name = "Supporting Files";
			sourceTree = "<group>";
		};
		7A86E01D1A968BC5008A148A /* JumperTests */ = {
			isa = PBXGroup;
			children = (
				7A86E0201A968BC5008A148A /* JumperTests.swift */,
				7A86E01E1A968BC5008A148A /* Supporting Files */,
			);
			path = JumperTests;
			sourceTree = "<group>";
		};
		7A86E01E1A968BC5008A148A /* Supporting Files */ = {
			isa = PBXGroup;
			children = (
				7A86E01F1A968BC5008A148A /* Info.plist */,
			);
			name = "Supporting Files";
			sourceTree = "<group>";
		};
		7A86E0321A9696BD008A148A /* Scenes */ = {
			isa = PBXGroup;
			children = (
				7A86E00A1A968BC5008A148A /* GameScene.swift */,
				7A86E0081A968BC5008A148A /* GameScene.sks */,
				7A86E02C1A96916A008A148A /* TestScene.swift */,
				7A86E02A1A9690E4008A148A /* TestScene.sks */,
			);
			name = Scenes;
			sourceTree = "<group>";
		};
/* End PBXGroup section */

/* Begin PBXNativeTarget section */
		7A86E0001A968BC5008A148A /* Jumper */ = {
			isa = PBXNativeTarget;
			buildConfigurationList = 7A86E0241A968BC5008A148A /* Build configuration list for PBXNativeTarget "Jumper" */;
			buildPhases = (
				7A86DFFD1A968BC5008A148A /* Sources */,
				7A86DFFE1A968BC5008A148A /* Frameworks */,
				7A86DFFF1A968BC5008A148A /* Resources */,
			);
			buildRules = (
			);
			dependencies = (
			);
			name = Jumper;
			productName = Jumper;
			productReference = 7A86E0011A968BC5008A148A /* Jumper.app */;
			productType = "com.apple.product-type.application";
		};
		7A86E0191A968BC5008A148A /* JumperTests */ = {
			isa = PBXNativeTarget;
			buildConfigurationList = 7A86E0271A968BC5008A148A /* Build configuration list for PBXNativeTarget "JumperTests" */;
			buildPhases = (
				7A86E0161A968BC5008A148A /* Sources */,
				7A86E0171A968BC5008A148A /* Frameworks */,
				7A86E0181A968BC5008A148A /* Resources */,
			);
			buildRules = (
			);
			dependencies = (
				7A86E01C1A968BC5008A148A /* PBXTargetDependency */,
			);
			name = JumperTests;
			productName = JumperTests;
			productReference = 7A86E01A1A968BC5008A148A /* JumperTests.xctest */;
			productType = "com.apple.product-type.bundle.unit-test";
		};
/* End PBXNativeTarget section */

/* Begin PBXProject section */
		7A86DFF91A968BC5008A148A /* Project object */ = {
			isa = PBXProject;
			attributes = {
				LastUpgradeCheck = 0610;
				ORGANIZATIONNAME = OOGroup;
				TargetAttributes = {
					7A86E0001A968BC5008A148A = {
						CreatedOnToolsVersion = 6.1.1;
					};
					7A86E0191A968BC5008A148A = {
						CreatedOnToolsVersion = 6.1.1;
						TestTargetID = 7A86E0001A968BC5008A148A;
					};
				};
			};
			buildConfigurationList = 7A86DFFC1A968BC5008A148A /* Build configuration list for PBXProject "Jumper" */;
			compatibilityVersion = "Xcode 3.2";
			developmentRegion = English;
			hasScannedForEncodings = 0;
			knownRegions = (
				en,
				Base,
			);
			mainGroup = 7A86DFF81A968BC5008A148A;
			productRefGroup = 7A86E0021A968BC5008A148A /* Products */;
			projectDirPath = "";
			projectRoot = "";
			targets = (
				7A86E0001A968BC5008A148A /* Jumper */,
				7A86E0191A968BC5008A148A /* JumperTests */,
			);
		};
/* End PBXProject section */

/* Begin PBXResourcesBuildPhase section */
		7A86DFFF1A968BC5008A148A /* Resources */ = {
			isa = PBXResourcesBuildPhase;
			buildActionMask = 2147483647;
			files = (
				7A86E0151A968BC5008A148A /* LaunchScreen.xib in Resources */,
				7A86E0121A968BC5008A148A /* Images.xcassets in Resources */,
				7A86E0091A968BC5008A148A /* GameScene.sks in Resources */,
				7A86E02B1A9690E4008A148A /* TestScene.sks in Resources */,
				7A86E0101A968BC5008A148A /* Main.storyboard in Resources */,
			);
			runOnlyForDeploymentPostprocessing = 0;
		};
		7A86E0181A968BC5008A148A /* Resources */ = {
			isa = PBXResourcesBuildPhase;
			buildActionMask = 2147483647;
			files = (
			);
			runOnlyForDeploymentPostprocessing = 0;
		};
/* End PBXResourcesBuildPhase section */

/* Begin PBXSourcesBuildPhase section */
		7A86DFFD1A968BC5008A148A /* Sources */ = {
			isa = PBXSourcesBuildPhase;
			buildActionMask = 2147483647;
			files = (
				7A86E0341A969878008A148A /* SignInViewController.swift in Sources */,
				7A86E0311A96969D008A148A /* MainMenuViewController.swift in Sources */,
				7A86E00B1A968BC5008A148A /* GameScene.swift in Sources */,
				7A86E02D1A96916A008A148A /* TestScene.swift in Sources */,
				7A86E00D1A968BC5008A148A /* GameViewController.swift in Sources */,
				7A86E0071A968BC5008A148A /* AppDelegate.swift in Sources */,
				7A86E02F1A969628008A148A /* SignUpViewController.swift in Sources */,
			);
			runOnlyForDeploymentPostprocessing = 0;
		};
		7A86E0161A968BC5008A148A /* Sources */ = {
			isa = PBXSourcesBuildPhase;
			buildActionMask = 2147483647;
			files = (
				7A86E0211A968BC5008A148A /* JumperTests.swift in Sources */,
			);
			runOnlyForDeploymentPostprocessing = 0;
		};
/* End PBXSourcesBuildPhase section */

/* Begin PBXTargetDependency section */
		7A86E01C1A968BC5008A148A /* PBXTargetDependency */ = {
			isa = PBXTargetDependency;
			target = 7A86E0001A968BC5008A148A /* Jumper */;
			targetProxy = 7A86E01B1A968BC5008A148A /* PBXContainerItemProxy */;
		};
/* End PBXTargetDependency section */

/* Begin PBXVariantGroup section */
		7A86E00E1A968BC5008A148A /* Main.storyboard */ = {
			isa = PBXVariantGroup;
			children = (
				7A86E00F1A968BC5008A148A /* Base */,
			);
			name = Main.storyboard;
			sourceTree = "<group>";
		};
		7A86E0131A968BC5008A148A /* LaunchScreen.xib */ = {
			isa = PBXVariantGroup;
			children = (
				7A86E0141A968BC5008A148A /* Base */,
			);
			name = LaunchScreen.xib;
			sourceTree = "<group>";
		};
/* End PBXVariantGroup section */

/* Begin XCBuildConfiguration section */
		7A86E0221A968BC5008A148A /* Debug */ = {
			isa = XCBuildConfiguration;
			buildSettings = {
				ALWAYS_SEARCH_USER_PATHS = NO;
				CLANG_CXX_LANGUAGE_STANDARD = "gnu++0x";
				CLANG_CXX_LIBRARY = "libc++";
				CLANG_ENABLE_MODULES = YES;
				CLANG_ENABLE_OBJC_ARC = YES;
				CLANG_WARN_BOOL_CONVERSION = YES;
				CLANG_WARN_CONSTANT_CONVERSION = YES;
				CLANG_WARN_DIRECT_OBJC_ISA_USAGE = YES_ERROR;
				CLANG_WARN_EMPTY_BODY = YES;
				CLANG_WARN_ENUM_CONVERSION = YES;
				CLANG_WARN_INT_CONVERSION = YES;
				CLANG_WARN_OBJC_ROOT_CLASS = YES_ERROR;
				CLANG_WARN_UNREACHABLE_CODE = YES;
				CLANG_WARN__DUPLICATE_METHOD_MATCH = YES;
				"CODE_SIGN_IDENTITY[sdk=iphoneos*]" = "iPhone Developer";
				COPY_PHASE_STRIP = NO;
				ENABLE_STRICT_OBJC_MSGSEND = YES;
				GCC_C_LANGUAGE_STANDARD = gnu99;
				GCC_DYNAMIC_NO_PIC = NO;
				GCC_OPTIMIZATION_LEVEL = 0;
				GCC_PREPROCESSOR_DEFINITIONS = (
					"DEBUG=1",
					"$(inherited)",
				);
				GCC_SYMBOLS_PRIVATE_EXTERN = NO;
				GCC_WARN_64_TO_32_BIT_CONVERSION = YES;
				GCC_WARN_ABOUT_RETURN_TYPE = YES_ERROR;
				GCC_WARN_UNDECLARED_SELECTOR = YES;
				GCC_WARN_UNINITIALIZED_AUTOS = YES_AGGRESSIVE;
				GCC_WARN_UNUSED_FUNCTION = YES;
				GCC_WARN_UNUSED_VARIABLE = YES;
				IPHONEOS_DEPLOYMENT_TARGET = 8.1;
				MTL_ENABLE_DEBUG_INFO = YES;
				ONLY_ACTIVE_ARCH = YES;
				SDKROOT = iphoneos;
				SWIFT_OPTIMIZATION_LEVEL = "-Onone";
			};
			name = Debug;
		};
		7A86E0231A968BC5008A148A /* Release */ = {
			isa = XCBuildConfiguration;
			buildSettings = {
				ALWAYS_SEARCH_USER_PATHS = NO;
				CLANG_CXX_LANGUAGE_STANDARD = "gnu++0x";
				CLANG_CXX_LIBRARY = "libc++";
				CLANG_ENABLE_MODULES = YES;
				CLANG_ENABLE_OBJC_ARC = YES;
				CLANG_WARN_BOOL_CONVERSION = YES;
				CLANG_WARN_CONSTANT_CONVERSION = YES;
				CLANG_WARN_DIRECT_OBJC_ISA_USAGE = YES_ERROR;
				CLANG_WARN_EMPTY_BODY = YES;
				CLANG_WARN_ENUM_CONVERSION = YES;
				CLANG_WARN_INT_CONVERSION = YES;
				CLANG_WARN_OBJC_ROOT_CLASS = YES_ERROR;
				CLANG_WARN_UNREACHABLE_CODE = YES;
				CLANG_WARN__DUPLICATE_METHOD_MATCH = YES;
				"CODE_SIGN_IDENTITY[sdk=iphoneos*]" = "iPhone Developer";
				COPY_PHASE_STRIP = YES;
				ENABLE_NS_ASSERTIONS = NO;
				ENABLE_STRICT_OBJC_MSGSEND = YES;
				GCC_C_LANGUAGE_STANDARD = gnu99;
				GCC_WARN_64_TO_32_BIT_CONVERSION = YES;
				GCC_WARN_ABOUT_RETURN_TYPE = YES_ERROR;
				GCC_WARN_UNDECLARED_SELECTOR = YES;
				GCC_WARN_UNINITIALIZED_AUTOS = YES_AGGRESSIVE;
				GCC_WARN_UNUSED_FUNCTION = YES;
				GCC_WARN_UNUSED_VARIABLE = YES;
				IPHONEOS_DEPLOYMENT_TARGET = 8.1;
				MTL_ENABLE_DEBUG_INFO = NO;
				SDKROOT = iphoneos;
				VALIDATE_PRODUCT = YES;
			};
			name = Release;
		};
		7A86E0251A968BC5008A148A /* Debug */ = {
			isa = XCBuildConfiguration;
			buildSettings = {
				ASSETCATALOG_COMPILER_APPICON_NAME = AppIcon;
				FRAMEWORK_SEARCH_PATHS = (
					"$(inherited)",
					"$(PROJECT_DIR)",
				);
				INFOPLIST_FILE = Jumper/Info.plist;
				LD_RUNPATH_SEARCH_PATHS = "$(inherited) @executable_path/Frameworks";
				PRODUCT_NAME = "$(TARGET_NAME)";
			};
			name = Debug;
		};
		7A86E0261A968BC5008A148A /* Release */ = {
			isa = XCBuildConfiguration;
			buildSettings = {
				ASSETCATALOG_COMPILER_APPICON_NAME = AppIcon;
				FRAMEWORK_SEARCH_PATHS = (
					"$(inherited)",
					"$(PROJECT_DIR)",
				);
				INFOPLIST_FILE = Jumper/Info.plist;
				LD_RUNPATH_SEARCH_PATHS = "$(inherited) @executable_path/Frameworks";
				PRODUCT_NAME = "$(TARGET_NAME)";
			};
			name = Release;
		};
		7A86E0281A968BC5008A148A /* Debug */ = {
			isa = XCBuildConfiguration;
			buildSettings = {
				BUNDLE_LOADER = "$(TEST_HOST)";
				FRAMEWORK_SEARCH_PATHS = (
					"$(SDKROOT)/Developer/Library/Frameworks",
					"$(inherited)",
				);
				GCC_PREPROCESSOR_DEFINITIONS = (
					"DEBUG=1",
					"$(inherited)",
				);
				INFOPLIST_FILE = JumperTests/Info.plist;
				LD_RUNPATH_SEARCH_PATHS = "$(inherited) @executable_path/Frameworks @loader_path/Frameworks";
				PRODUCT_NAME = "$(TARGET_NAME)";
				TEST_HOST = "$(BUILT_PRODUCTS_DIR)/Jumper.app/Jumper";
			};
			name = Debug;
		};
		7A86E0291A968BC5008A148A /* Release */ = {
			isa = XCBuildConfiguration;
			buildSettings = {
				BUNDLE_LOADER = "$(TEST_HOST)";
				FRAMEWORK_SEARCH_PATHS = (
					"$(SDKROOT)/Developer/Library/Frameworks",
					"$(inherited)",
				);
				INFOPLIST_FILE = JumperTests/Info.plist;
				LD_RUNPATH_SEARCH_PATHS = "$(inherited) @executable_path/Frameworks @loader_path/Frameworks";
				PRODUCT_NAME = "$(TARGET_NAME)";
				TEST_HOST = "$(BUILT_PRODUCTS_DIR)/Jumper.app/Jumper";
			};
			name = Release;
		};
/* End XCBuildConfiguration section */

/* Begin XCConfigurationList section */
		7A86DFFC1A968BC5008A148A /* Build configuration list for PBXProject "Jumper" */ = {
			isa = XCConfigurationList;
			buildConfigurations = (
				7A86E0221A968BC5008A148A /* Debug */,
				7A86E0231A968BC5008A148A /* Release */,
			);
			defaultConfigurationIsVisible = 0;
			defaultConfigurationName = Release;
		};
		7A86E0241A968BC5008A148A /* Build configuration list for PBXNativeTarget "Jumper" */ = {
			isa = XCConfigurationList;
			buildConfigurations = (
				7A86E0251A968BC5008A148A /* Debug */,
				7A86E0261A968BC5008A148A /* Release */,
			);
			defaultConfigurationIsVisible = 0;
			defaultConfigurationName = Release;
		};
		7A86E0271A968BC5008A148A /* Build configuration list for PBXNativeTarget "JumperTests" */ = {
			isa = XCConfigurationList;
			buildConfigurations = (
				7A86E0281A968BC5008A148A /* Debug */,
				7A86E0291A968BC5008A148A /* Release */,
			);
			defaultConfigurationIsVisible = 0;
			defaultConfigurationName = Release;
		};
/* End XCConfigurationList section */
	};
	rootObject = 7A86DFF91A968BC5008A148A /* Project object */;
}
